
Microsoft Visual Studio Solution File, Format Version 12.00
# Visual Studio 15
VisualStudioVersion = 15.0.26430.6
MinimumVisualStudioVersion = 10.0.40219.1
Project("{FAE04EC0-301F-11D3-BF4B-00C04F79EFBC}") = "01. First Problem", "01. First Problem\01. First Problem.csproj", "{B944C233-91EC-476A-AD53-3B3B8AB0D9D6}"
EndProject
Project("{FAE04EC0-301F-11D3-BF4B-00C04F79EFBC}") = "02. Second Problem", "02. Second Problem\02. Second Problem.csproj", "{F84AA9F9-02BA-4669-8381-3EAB98778F7D}"
EndProject
Project("{FAE04EC0-301F-11D3-BF4B-00C04F79EFBC}") = "03. Third Problem", "03. Third Problem\03. Third Problem.csproj", "{DBEC11CE-2CF1-4FBE-864F-ADDE4EAC6853}"
EndProject
Project("{FAE04EC0-301F-11D3-BF4B-00C04F79EFBC}") = "04. Fourth Problem", "04. Fourth Problem\04. Fourth Problem.csproj", "{08049CE2-FBA6-4F5D-A44B-4321670757A2}"
EndProject
Global
	GlobalSection(SolutionConfigurationPlatforms) = preSolution
		Debug|Any CPU = Debug|Any CPU
		Release|Any CPU = Release|Any CPU
	EndGlobalSection
	GlobalSection(ProjectConfigurationPlatforms) = postSolution
		{B944C233-91EC-476A-AD53-3B3B8AB0D9D6}.Debug|Any CPU.ActiveCfg = Debug|Any CPU
		{B944C233-91EC-476A-AD53-3B3B8AB0D9D6}.Debug|Any CPU.Build.0 = Debug|Any CPU
		{B944C233-91EC-476A-AD53-3B3B8AB0D9D6}.Release|Any CPU.ActiveCfg = Release|Any CPU
		{B944C233-91EC-476A-AD53-3B3B8AB0D9D6}.Release|Any CPU.Build.0 = Release|Any CPU
		{F84AA9F9-02BA-4669-8381-3EAB98778F7D}.Debug|Any CPU.ActiveCfg = Debug|Any CPU
		{F84AA9F9-02BA-4669-8381-3EAB98778F7D}.Debug|Any CPU.Build.0 = Debug|Any CPU
		{F84AA9F9-02BA-4669-8381-3EAB98778F7D}.Release|Any CPU.ActiveCfg = Release|Any CPU
		{F84AA9F9-02BA-4669-8381-3EAB98778F7D}.Release|Any CPU.Build.0 = Release|Any CPU
		{DBEC11CE-2CF1-4FBE-864F-ADDE4EAC6853}.Debug|Any CPU.ActiveCfg = Debug|Any CPU
		{DBEC11CE-2CF1-4FBE-864F-ADDE4EAC6853}.Debug|Any CPU.Build.0 = Debug|Any CPU
		{DBEC11CE-2CF1-4FBE-864F-ADDE4EAC6853}.Release|Any CPU.ActiveCfg = Release|Any CPU
		{DBEC11CE-2CF1-4FBE-864F-ADDE4EAC6853}.Release|Any CPU.Build.0 = Release|Any CPU
		{08049CE2-FBA6-4F5D-A44B-4321670757A2}.Debug|Any CPU.ActiveCfg = Debug|Any CPU
		{08049CE2-FBA6-4F5D-A44B-4321670757A2}.Debug|Any CPU.Build.0 = Debug|Any CPU
		{08049CE2-FBA6-4F5D-A44B-4321670757A2}.Release|Any CPU.ActiveCfg = Release|Any CPU
		{08049CE2-FBA6-4F5D-A44B-4321670757A2}.Release|Any CPU.Build.0 = Release|Any CPU
	EndGlobalSection
	GlobalSection(SolutionProperties) = preSolution
		HideSolutionNode = FALSE
	EndGlobalSection
EndGlobal
