
Microsoft Visual Studio Solution File, Format Version 12.00
# Visual Studio 15
VisualStudioVersion = 15.0.26430.6
MinimumVisualStudioVersion = 10.0.40219.1
Project("{FAE04EC0-301F-11D3-BF4B-00C04F79EFBC}") = "01. Sort Even Numbers", "01. Sort Even Numbers\01. Sort Even Numbers.csproj", "{9FFBD2D6-5CBB-4424-A2CF-77E248A251D2}"
EndProject
Project("{FAE04EC0-301F-11D3-BF4B-00C04F79EFBC}") = "02. Sum Numbers", "02. Sum Numbers\02. Sum Numbers.csproj", "{93BE1A0D-E9A8-4F52-ACD0-A4D526003CC5}"
EndProject
Project("{FAE04EC0-301F-11D3-BF4B-00C04F79EFBC}") = "03. Count Uppercase Words", "03. Count Uppercase Words\03. Count Uppercase Words.csproj", "{C0C9088E-51C9-4371-8837-014CDF08AB4B}"
EndProject
Project("{FAE04EC0-301F-11D3-BF4B-00C04F79EFBC}") = "04. Add VAT", "04. Add VAT\04. Add VAT.csproj", "{68830AD5-FF26-4583-9D00-5F224C5C625A}"
EndProject
Project("{FAE04EC0-301F-11D3-BF4B-00C04F79EFBC}") = "05. Filter By Age", "05. Filter By Age\05. Filter By Age.csproj", "{19C47173-E9BC-4652-9FFD-3124E0028211}"
EndProject
Project("{FAE04EC0-301F-11D3-BF4B-00C04F79EFBC}") = "01. Action Print", "01. Action Print\01. Action Print.csproj", "{9EF9FE27-2F71-42A0-96C9-19D7AE1F0D60}"
EndProject
Project("{FAE04EC0-301F-11D3-BF4B-00C04F79EFBC}") = "02. Knights Of Honor", "02. Knights Of Honor\02. Knights Of Honor.csproj", "{63E5843C-ECA4-4120-8A3E-0B74F899AC27}"
EndProject
Project("{FAE04EC0-301F-11D3-BF4B-00C04F79EFBC}") = "03. Custom Min Func", "03. Custom Min Func\03. Custom Min Func.csproj", "{A93BF2EB-C636-4537-8394-8264C84C2421}"
EndProject
Project("{FAE04EC0-301F-11D3-BF4B-00C04F79EFBC}") = "04. Find Evens or Odds", "04. Find Evens or Odds\04. Find Evens or Odds.csproj", "{2ADEF10D-63E7-4483-A7E9-205505EBE74E}"
EndProject
Project("{FAE04EC0-301F-11D3-BF4B-00C04F79EFBC}") = "05. Applied Arithmetics", "05. Applied Arithmetics\05. Applied Arithmetics.csproj", "{B96FBF86-BCE1-489E-94C3-AD84E8638367}"
EndProject
Project("{FAE04EC0-301F-11D3-BF4B-00C04F79EFBC}") = "06. Reverse And Exclude", "06. Reverse And Exclude\06. Reverse And Exclude.csproj", "{66826798-6FA2-44F9-BB5A-3FCE09470FEE}"
EndProject
Project("{FAE04EC0-301F-11D3-BF4B-00C04F79EFBC}") = "07. Predicate For Names", "07. Predicate For Names\07. Predicate For Names.csproj", "{076EC4F8-6083-416E-8E0B-FD91CA3A35B7}"
EndProject
Project("{FAE04EC0-301F-11D3-BF4B-00C04F79EFBC}") = "08. Custom Comparator", "08. Custom Comparator\08. Custom Comparator.csproj", "{75F25AF8-1ED8-4BDC-8560-3CAC464BD0A8}"
EndProject
Project("{FAE04EC0-301F-11D3-BF4B-00C04F79EFBC}") = "09. List Of Predicates", "09. List Of Predicates\09. List Of Predicates.csproj", "{1F82D072-8A3D-4569-8007-8A38D404ED64}"
EndProject
Global
	GlobalSection(SolutionConfigurationPlatforms) = preSolution
		Debug|Any CPU = Debug|Any CPU
		Release|Any CPU = Release|Any CPU
	EndGlobalSection
	GlobalSection(ProjectConfigurationPlatforms) = postSolution
		{9FFBD2D6-5CBB-4424-A2CF-77E248A251D2}.Debug|Any CPU.ActiveCfg = Debug|Any CPU
		{9FFBD2D6-5CBB-4424-A2CF-77E248A251D2}.Debug|Any CPU.Build.0 = Debug|Any CPU
		{9FFBD2D6-5CBB-4424-A2CF-77E248A251D2}.Release|Any CPU.ActiveCfg = Release|Any CPU
		{9FFBD2D6-5CBB-4424-A2CF-77E248A251D2}.Release|Any CPU.Build.0 = Release|Any CPU
		{93BE1A0D-E9A8-4F52-ACD0-A4D526003CC5}.Debug|Any CPU.ActiveCfg = Debug|Any CPU
		{93BE1A0D-E9A8-4F52-ACD0-A4D526003CC5}.Debug|Any CPU.Build.0 = Debug|Any CPU
		{93BE1A0D-E9A8-4F52-ACD0-A4D526003CC5}.Release|Any CPU.ActiveCfg = Release|Any CPU
		{93BE1A0D-E9A8-4F52-ACD0-A4D526003CC5}.Release|Any CPU.Build.0 = Release|Any CPU
		{C0C9088E-51C9-4371-8837-014CDF08AB4B}.Debug|Any CPU.ActiveCfg = Debug|Any CPU
		{C0C9088E-51C9-4371-8837-014CDF08AB4B}.Debug|Any CPU.Build.0 = Debug|Any CPU
		{C0C9088E-51C9-4371-8837-014CDF08AB4B}.Release|Any CPU.ActiveCfg = Release|Any CPU
		{C0C9088E-51C9-4371-8837-014CDF08AB4B}.Release|Any CPU.Build.0 = Release|Any CPU
		{68830AD5-FF26-4583-9D00-5F224C5C625A}.Debug|Any CPU.ActiveCfg = Debug|Any CPU
		{68830AD5-FF26-4583-9D00-5F224C5C625A}.Debug|Any CPU.Build.0 = Debug|Any CPU
		{68830AD5-FF26-4583-9D00-5F224C5C625A}.Release|Any CPU.ActiveCfg = Release|Any CPU
		{68830AD5-FF26-4583-9D00-5F224C5C625A}.Release|Any CPU.Build.0 = Release|Any CPU
		{19C47173-E9BC-4652-9FFD-3124E0028211}.Debug|Any CPU.ActiveCfg = Debug|Any CPU
		{19C47173-E9BC-4652-9FFD-3124E0028211}.Debug|Any CPU.Build.0 = Debug|Any CPU
		{19C47173-E9BC-4652-9FFD-3124E0028211}.Release|Any CPU.ActiveCfg = Release|Any CPU
		{19C47173-E9BC-4652-9FFD-3124E0028211}.Release|Any CPU.Build.0 = Release|Any CPU
		{9EF9FE27-2F71-42A0-96C9-19D7AE1F0D60}.Debug|Any CPU.ActiveCfg = Debug|Any CPU
		{9EF9FE27-2F71-42A0-96C9-19D7AE1F0D60}.Debug|Any CPU.Build.0 = Debug|Any CPU
		{9EF9FE27-2F71-42A0-96C9-19D7AE1F0D60}.Release|Any CPU.ActiveCfg = Release|Any CPU
		{9EF9FE27-2F71-42A0-96C9-19D7AE1F0D60}.Release|Any CPU.Build.0 = Release|Any CPU
		{63E5843C-ECA4-4120-8A3E-0B74F899AC27}.Debug|Any CPU.ActiveCfg = Debug|Any CPU
		{63E5843C-ECA4-4120-8A3E-0B74F899AC27}.Debug|Any CPU.Build.0 = Debug|Any CPU
		{63E5843C-ECA4-4120-8A3E-0B74F899AC27}.Release|Any CPU.ActiveCfg = Release|Any CPU
		{63E5843C-ECA4-4120-8A3E-0B74F899AC27}.Release|Any CPU.Build.0 = Release|Any CPU
		{A93BF2EB-C636-4537-8394-8264C84C2421}.Debug|Any CPU.ActiveCfg = Debug|Any CPU
		{A93BF2EB-C636-4537-8394-8264C84C2421}.Debug|Any CPU.Build.0 = Debug|Any CPU
		{A93BF2EB-C636-4537-8394-8264C84C2421}.Release|Any CPU.ActiveCfg = Release|Any CPU
		{A93BF2EB-C636-4537-8394-8264C84C2421}.Release|Any CPU.Build.0 = Release|Any CPU
		{2ADEF10D-63E7-4483-A7E9-205505EBE74E}.Debug|Any CPU.ActiveCfg = Debug|Any CPU
		{2ADEF10D-63E7-4483-A7E9-205505EBE74E}.Debug|Any CPU.Build.0 = Debug|Any CPU
		{2ADEF10D-63E7-4483-A7E9-205505EBE74E}.Release|Any CPU.ActiveCfg = Release|Any CPU
		{2ADEF10D-63E7-4483-A7E9-205505EBE74E}.Release|Any CPU.Build.0 = Release|Any CPU
		{B96FBF86-BCE1-489E-94C3-AD84E8638367}.Debug|Any CPU.ActiveCfg = Debug|Any CPU
		{B96FBF86-BCE1-489E-94C3-AD84E8638367}.Debug|Any CPU.Build.0 = Debug|Any CPU
		{B96FBF86-BCE1-489E-94C3-AD84E8638367}.Release|Any CPU.ActiveCfg = Release|Any CPU
		{B96FBF86-BCE1-489E-94C3-AD84E8638367}.Release|Any CPU.Build.0 = Release|Any CPU
		{66826798-6FA2-44F9-BB5A-3FCE09470FEE}.Debug|Any CPU.ActiveCfg = Debug|Any CPU
		{66826798-6FA2-44F9-BB5A-3FCE09470FEE}.Debug|Any CPU.Build.0 = Debug|Any CPU
		{66826798-6FA2-44F9-BB5A-3FCE09470FEE}.Release|Any CPU.ActiveCfg = Release|Any CPU
		{66826798-6FA2-44F9-BB5A-3FCE09470FEE}.Release|Any CPU.Build.0 = Release|Any CPU
		{076EC4F8-6083-416E-8E0B-FD91CA3A35B7}.Debug|Any CPU.ActiveCfg = Debug|Any CPU
		{076EC4F8-6083-416E-8E0B-FD91CA3A35B7}.Debug|Any CPU.Build.0 = Debug|Any CPU
		{076EC4F8-6083-416E-8E0B-FD91CA3A35B7}.Release|Any CPU.ActiveCfg = Release|Any CPU
		{076EC4F8-6083-416E-8E0B-FD91CA3A35B7}.Release|Any CPU.Build.0 = Release|Any CPU
		{75F25AF8-1ED8-4BDC-8560-3CAC464BD0A8}.Debug|Any CPU.ActiveCfg = Debug|Any CPU
		{75F25AF8-1ED8-4BDC-8560-3CAC464BD0A8}.Debug|Any CPU.Build.0 = Debug|Any CPU
		{75F25AF8-1ED8-4BDC-8560-3CAC464BD0A8}.Release|Any CPU.ActiveCfg = Release|Any CPU
		{75F25AF8-1ED8-4BDC-8560-3CAC464BD0A8}.Release|Any CPU.Build.0 = Release|Any CPU
		{1F82D072-8A3D-4569-8007-8A38D404ED64}.Debug|Any CPU.ActiveCfg = Debug|Any CPU
		{1F82D072-8A3D-4569-8007-8A38D404ED64}.Debug|Any CPU.Build.0 = Debug|Any CPU
		{1F82D072-8A3D-4569-8007-8A38D404ED64}.Release|Any CPU.ActiveCfg = Release|Any CPU
		{1F82D072-8A3D-4569-8007-8A38D404ED64}.Release|Any CPU.Build.0 = Release|Any CPU
	EndGlobalSection
	GlobalSection(SolutionProperties) = preSolution
		HideSolutionNode = FALSE
	EndGlobalSection
EndGlobal
